
Microsoft Visual Studio Solution File, Format Version 12.00
# Visual Studio Version 17
VisualStudioVersion = 17.9.34728.123
MinimumVisualStudioVersion = 10.0.40219.1
Project("{FAE04EC0-301F-11D3-BF4B-00C04F79EFBC}") = "SDPP.BuildingBlocks.Domain", "src\BuildingBlocks\SDPP.BuildingBlocks.Domain\SDPP.BuildingBlocks.Domain.csproj", "{8C03E187-9A20-48FB-B42E-87FB6150AE60}"
EndProject
Project("{FAE04EC0-301F-11D3-BF4B-00C04F79EFBC}") = "SDPP.BuildingBlocks.Application", "src\BuildingBlocks\SDPP.BuildingBlocks.Application\SDPP.BuildingBlocks.Application.csproj", "{6A16BA2C-8C30-412D-9B45-1FBE8AB0ABBB}"
EndProject
Project("{FAE04EC0-301F-11D3-BF4B-00C04F79EFBC}") = "SDPP.BuildingBlocks.Infrastructure", "src\BuildingBlocks\SDPP.BuildingBlocks.Infrastructure\SDPP.BuildingBlocks.Infrastructure.csproj", "{5AB8F559-586B-412B-998C-3B0471AE926E}"
EndProject
Project("{FAE04EC0-301F-11D3-BF4B-00C04F79EFBC}") = "SDPP.BuildingBlocks.Contracts", "src\BuildingBlocks\SDPP.BuildingBlocks.Contracts\SDPP.BuildingBlocks.Contracts.csproj", "{04D298FF-DC08-4ABC-B213-27E15B806C81}"
EndProject
Project("{FAE04EC0-301F-11D3-BF4B-00C04F79EFBC}") = "SDPP.Gateway", "src\Gateway\SDPP.Gateway\SDPP.Gateway.csproj", "{FDD5D9DF-8EE7-40AE-B02D-F4048BD55113}"
EndProject
Project("{FAE04EC0-301F-11D3-BF4B-00C04F79EFBC}") = "SDPP.Documents.Domain", "src\Modules\Documents\SDPP.Documents.Domain\SDPP.Documents.Domain.csproj", "{9CEDF28F-8C5B-4722-B5A0-15A2DDD65E4E}"
EndProject
Project("{FAE04EC0-301F-11D3-BF4B-00C04F79EFBC}") = "SDPP.Documents.Application", "src\Modules\Documents\SDPP.Documents.Application\SDPP.Documents.Application.csproj", "{38C714AD-079F-4178-B537-482933894DA9}"
EndProject
Project("{FAE04EC0-301F-11D3-BF4B-00C04F79EFBC}") = "SDPP.Documents.Infrastructure", "src\Modules\Documents\SDPP.Documents.Infrastructure\SDPP.Documents.Infrastructure.csproj", "{237C063D-5DA7-4077-8288-A7483BBE9E3D}"
EndProject
Project("{FAE04EC0-301F-11D3-BF4B-00C04F79EFBC}") = "SDPP.Documents.Api", "src\Modules\Documents\SDPP.Documents.Api\SDPP.Documents.Api.csproj", "{E1846EAD-8B47-40E5-9FFE-4964EBAB7242}"
EndProject
Project("{FAE04EC0-301F-11D3-BF4B-00C04F79EFBC}") = "SDPP.Classification.Domain", "src\Modules\Classification\SDPP.Classification.Domain\SDPP.Classification.Domain.csproj", "{146008B9-3963-4C66-8F19-9F01E2965B08}"
EndProject
Project("{FAE04EC0-301F-11D3-BF4B-00C04F79EFBC}") = "SDPP.Classification.Application", "src\Modules\Classification\SDPP.Classification.Application\SDPP.Classification.Application.csproj", "{1A5A7DA1-DDDE-450C-BBBD-27B2399ED43D}"
EndProject
Project("{FAE04EC0-301F-11D3-BF4B-00C04F79EFBC}") = "SDPP.Classification.Infrastructure", "src\Modules\Classification\SDPP.Classification.Infrastructure\SDPP.Classification.Infrastructure.csproj", "{C8FB3433-1FB9-49A8-823B-425E97290A62}"
EndProject
Project("{FAE04EC0-301F-11D3-BF4B-00C04F79EFBC}") = "SDPP.Classification.Api", "src\Modules\Classification\SDPP.Classification.Api\SDPP.Classification.Api.csproj", "{49850A6C-869A-4428-9C79-1E19650B2628}"
EndProject
Project("{FAE04EC0-301F-11D3-BF4B-00C04F79EFBC}") = "SDPP.Audit.Domain", "src\Modules\Audit\SDPP.Audit.Domain\SDPP.Audit.Domain.csproj", "{38021E66-C2D5-4D6D-BBE7-F0E1AAE1AFED}"
EndProject
Project("{FAE04EC0-301F-11D3-BF4B-00C04F79EFBC}") = "SDPP.Audit.Application", "src\Modules\Audit\SDPP.Audit.Application\SDPP.Audit.Application.csproj", "{346688B8-D247-4956-B4E5-320F07713C14}"
EndProject
Project("{FAE04EC0-301F-11D3-BF4B-00C04F79EFBC}") = "SDPP.Audit.Infrastructure", "src\Modules\Audit\SDPP.Audit.Infrastructure\SDPP.Audit.Infrastructure.csproj", "{A30D516A-5C26-4744-B2C7-8C14B0CB6441}"
EndProject
Project("{FAE04EC0-301F-11D3-BF4B-00C04F79EFBC}") = "SDPP.Audit.Api", "src\Modules\Audit\SDPP.Audit.Api\SDPP.Audit.Api.csproj", "{D084597C-CC0D-4D56-AA41-9E859BF09C11}"
EndProject
Project("{FAE04EC0-301F-11D3-BF4B-00C04F79EFBC}") = "SDPP.Conversion.Worker", "src\Workers\SDPP.Conversion.Worker\SDPP.Conversion.Worker.csproj", "{050C9498-8AD9-479F-B94F-3592DD569F86}"
EndProject
Project("{FAE04EC0-301F-11D3-BF4B-00C04F79EFBC}") = "SDPP.Documents.UnitTests", "tests\SDPP.Documents.UnitTests\SDPP.Documents.UnitTests.csproj", "{85439F1E-E102-4CB4-B25D-B660FE4230F0}"
EndProject
Project("{FAE04EC0-301F-11D3-BF4B-00C04F79EFBC}") = "SDPP.Audit.UnitTests", "tests\SDPP.Audit.UnitTests\SDPP.Audit.UnitTests.csproj", "{2B515342-FB66-453F-B506-314C2A84DFA0}"
EndProject
Project("{FAE04EC0-301F-11D3-BF4B-00C04F79EFBC}") = "SDPP.Architecture.Tests", "tests\SDPP.Architecture.Tests\SDPP.Architecture.Tests.csproj", "{809C0789-01EC-46FE-A05C-6CE30649D69D}"
EndProject
Project("{2150E333-8FDC-42A3-9474-1A3956D46DE8}") = "BuildingBlocks", "BuildingBlocks", "{8A43C81A-811F-4B11-A604-E272E346598A}"
EndProject
Project("{2150E333-8FDC-42A3-9474-1A3956D46DE8}") = "Gateway", "Gateway", "{32235D38-B0F8-4F4D-A873-276291B587F6}"
EndProject
Project("{2150E333-8FDC-42A3-9474-1A3956D46DE8}") = "Modules", "Modules", "{706C2975-57C2-4CCD-9143-CFAFDCD17525}"
EndProject
Project("{2150E333-8FDC-42A3-9474-1A3956D46DE8}") = "Documents", "Documents", "{E7600902-D6A9-4E8C-B601-01B31DE09893}"
EndProject
Project("{2150E333-8FDC-42A3-9474-1A3956D46DE8}") = "Classification", "Classification", "{D02E5C42-C779-422C-A709-8A9C91F52BD5}"
EndProject
Project("{2150E333-8FDC-42A3-9474-1A3956D46DE8}") = "Audit", "Audit", "{9CBD289B-61DC-45C8-BDAE-0FF7429908D2}"
EndProject
Project("{2150E333-8FDC-42A3-9474-1A3956D46DE8}") = "Workers", "Workers", "{C518CA99-F574-402F-945E-88DB14EAF431}"
EndProject
Project("{2150E333-8FDC-42A3-9474-1A3956D46DE8}") = "tests", "tests", "{5E568120-72AF-4EFB-A1D6-E4483874FF1A}"
EndProject
Project("{2150E333-8FDC-42A3-9474-1A3956D46DE8}") = "Identity", "Identity", "{2955CDDA-E5E5-B0A0-1D00-B3995FF637CE}"
EndProject
Project("{FAE04EC0-301F-11D3-BF4B-00C04F79EFBC}") = "SDPP.Identity.Domain", "src\Modules\Identity\SDPP.Identity.Domain\SDPP.Identity.Domain.csproj", "{CE9E4667-9F8C-40D7-9528-D088BFFCF175}"
EndProject
Project("{FAE04EC0-301F-11D3-BF4B-00C04F79EFBC}") = "SDPP.Identity.Application", "src\Modules\Identity\SDPP.Identity.Application\SDPP.Identity.Application.csproj", "{2754F38E-570B-4D84-ADB5-831C337AB4A1}"
EndProject
Project("{FAE04EC0-301F-11D3-BF4B-00C04F79EFBC}") = "SDPP.Identity.Infrastructure", "src\Modules\Identity\SDPP.Identity.Infrastructure\SDPP.Identity.Infrastructure.csproj", "{5A2C99AE-D5BA-48B8-86CE-E6E31D2D3BF3}"
EndProject
Project("{FAE04EC0-301F-11D3-BF4B-00C04F79EFBC}") = "SDPP.Identity.Api", "src\Modules\Identity\SDPP.Identity.Api\SDPP.Identity.Api.csproj", "{BC677C47-3A71-4331-A475-D5CE889A6CBC}"
EndProject
Project("{FAE04EC0-301F-11D3-BF4B-00C04F79EFBC}") = "SDPP.Signature.Domain", "src\Modules\Signature\SDPP.Signature.Domain\SDPP.Signature.Domain.csproj", "{92C99768-C786-4FF0-957C-B1F81EC4E7D6}"
EndProject
Project("{FAE04EC0-301F-11D3-BF4B-00C04F79EFBC}") = "SDPP.Signature.Application", "src\Modules\Signature\SDPP.Signature.Application\SDPP.Signature.Application.csproj", "{7E455250-B715-40BC-917C-110755FBBA90}"
EndProject
Project("{FAE04EC0-301F-11D3-BF4B-00C04F79EFBC}") = "SDPP.Signature.Infrastructure", "src\Modules\Signature\SDPP.Signature.Infrastructure\SDPP.Signature.Infrastructure.csproj", "{7843B592-2D2A-430C-869E-876C5498BA80}"
EndProject
Project("{FAE04EC0-301F-11D3-BF4B-00C04F79EFBC}") = "SDPP.Signature.Api", "src\Modules\Signature\SDPP.Signature.Api\SDPP.Signature.Api.csproj", "{0E96D5C9-27D2-4780-B343-B92075811A38}"
EndProject
Project("{2150E333-8FDC-42A3-9474-1A3956D46DE8}") = "Signature", "Signature", "{1D991823-E547-4BD4-B1C5-9CED0009CF2D}"
EndProject
Project("{FAE04EC0-301F-11D3-BF4B-00C04F79EFBC}") = "SDPP.Signature.UnitTests", "tests\SDPP.Signature.UnitTests\SDPP.Signature.UnitTests.csproj", "{9E584DEF-A938-4EB3-8F86-772FEA8CB53B}"
EndProject
Project("{FAE04EC0-301F-11D3-BF4B-00C04F79EFBC}") = "SDPP.Identity.UnitTests", "tests\SDPP.Identity.UnitTests\SDPP.Identity.UnitTests.csproj", "{5A918DB2-3CBC-4052-ADBA-182254E77F29}"
EndProject
Project("{FAE04EC0-301F-11D3-BF4B-00C04F79EFBC}") = "SDPP.Classification.UnitTests", "tests\SDPP.Classification.UnitTests\SDPP.Classification.UnitTests.csproj", "{34620CBC-7211-4186-8CD5-8811F41BDD37}"
EndProject
Global
	GlobalSection(SolutionConfigurationPlatforms) = preSolution
		Debug|Any CPU = Debug|Any CPU
		Debug|x64 = Debug|x64
		Debug|x86 = Debug|x86
		Release|Any CPU = Release|Any CPU
		Release|x64 = Release|x64
		Release|x86 = Release|x86
	EndGlobalSection
	GlobalSection(ProjectConfigurationPlatforms) = postSolution
		{8C03E187-9A20-48FB-B42E-87FB6150AE60}.Debug|Any CPU.ActiveCfg = Debug|Any CPU
		{8C03E187-9A20-48FB-B42E-87FB6150AE60}.Debug|Any CPU.Build.0 = Debug|Any CPU
		{8C03E187-9A20-48FB-B42E-87FB6150AE60}.Debug|x64.ActiveCfg = Debug|Any CPU
		{8C03E187-9A20-48FB-B42E-87FB6150AE60}.Debug|x64.Build.0 = Debug|Any CPU
		{8C03E187-9A20-48FB-B42E-87FB6150AE60}.Debug|x86.ActiveCfg = Debug|Any CPU
		{8C03E187-9A20-48FB-B42E-87FB6150AE60}.Debug|x86.Build.0 = Debug|Any CPU
		{8C03E187-9A20-48FB-B42E-87FB6150AE60}.Release|Any CPU.ActiveCfg = Release|Any CPU
		{8C03E187-9A20-48FB-B42E-87FB6150AE60}.Release|Any CPU.Build.0 = Release|Any CPU
		{8C03E187-9A20-48FB-B42E-87FB6150AE60}.Release|x64.ActiveCfg = Release|Any CPU
		{8C03E187-9A20-48FB-B42E-87FB6150AE60}.Release|x64.Build.0 = Release|Any CPU
		{8C03E187-9A20-48FB-B42E-87FB6150AE60}.Release|x86.ActiveCfg = Release|Any CPU
		{8C03E187-9A20-48FB-B42E-87FB6150AE60}.Release|x86.Build.0 = Release|Any CPU
		{6A16BA2C-8C30-412D-9B45-1FBE8AB0ABBB}.Debug|Any CPU.ActiveCfg = Debug|Any CPU
		{6A16BA2C-8C30-412D-9B45-1FBE8AB0ABBB}.Debug|Any CPU.Build.0 = Debug|Any CPU
		{6A16BA2C-8C30-412D-9B45-1FBE8AB0ABBB}.Debug|x64.ActiveCfg = Debug|Any CPU
		{6A16BA2C-8C30-412D-9B45-1FBE8AB0ABBB}.Debug|x64.Build.0 = Debug|Any CPU
		{6A16BA2C-8C30-412D-9B45-1FBE8AB0ABBB}.Debug|x86.ActiveCfg = Debug|Any CPU
		{6A16BA2C-8C30-412D-9B45-1FBE8AB0ABBB}.Debug|x86.Build.0 = Debug|Any CPU
		{6A16BA2C-8C30-412D-9B45-1FBE8AB0ABBB}.Release|Any CPU.ActiveCfg = Release|Any CPU
		{6A16BA2C-8C30-412D-9B45-1FBE8AB0ABBB}.Release|Any CPU.Build.0 = Release|Any CPU
		{6A16BA2C-8C30-412D-9B45-1FBE8AB0ABBB}.Release|x64.ActiveCfg = Release|Any CPU
		{6A16BA2C-8C30-412D-9B45-1FBE8AB0ABBB}.Release|x64.Build.0 = Release|Any CPU
		{6A16BA2C-8C30-412D-9B45-1FBE8AB0ABBB}.Release|x86.ActiveCfg = Release|Any CPU
		{6A16BA2C-8C30-412D-9B45-1FBE8AB0ABBB}.Release|x86.Build.0 = Release|Any CPU
		{5AB8F559-586B-412B-998C-3B0471AE926E}.Debug|Any CPU.ActiveCfg = Debug|Any CPU
		{5AB8F559-586B-412B-998C-3B0471AE926E}.Debug|Any CPU.Build.0 = Debug|Any CPU
		{5AB8F559-586B-412B-998C-3B0471AE926E}.Debug|x64.ActiveCfg = Debug|Any CPU
		{5AB8F559-586B-412B-998C-3B0471AE926E}.Debug|x64.Build.0 = Debug|Any CPU
		{5AB8F559-586B-412B-998C-3B0471AE926E}.Debug|x86.ActiveCfg = Debug|Any CPU
		{5AB8F559-586B-412B-998C-3B0471AE926E}.Debug|x86.Build.0 = Debug|Any CPU
		{5AB8F559-586B-412B-998C-3B0471AE926E}.Release|Any CPU.ActiveCfg = Release|Any CPU
		{5AB8F559-586B-412B-998C-3B0471AE926E}.Release|Any CPU.Build.0 = Release|Any CPU
		{5AB8F559-586B-412B-998C-3B0471AE926E}.Release|x64.ActiveCfg = Release|Any CPU
		{5AB8F559-586B-412B-998C-3B0471AE926E}.Release|x64.Build.0 = Release|Any CPU
		{5AB8F559-586B-412B-998C-3B0471AE926E}.Release|x86.ActiveCfg = Release|Any CPU
		{5AB8F559-586B-412B-998C-3B0471AE926E}.Release|x86.Build.0 = Release|Any CPU
		{04D298FF-DC08-4ABC-B213-27E15B806C81}.Debug|Any CPU.ActiveCfg = Debug|Any CPU
		{04D298FF-DC08-4ABC-B213-27E15B806C81}.Debug|Any CPU.Build.0 = Debug|Any CPU
		{04D298FF-DC08-4ABC-B213-27E15B806C81}.Debug|x64.ActiveCfg = Debug|Any CPU
		{04D298FF-DC08-4ABC-B213-27E15B806C81}.Debug|x64.Build.0 = Debug|Any CPU
		{04D298FF-DC08-4ABC-B213-27E15B806C81}.Debug|x86.ActiveCfg = Debug|Any CPU
		{04D298FF-DC08-4ABC-B213-27E15B806C81}.Debug|x86.Build.0 = Debug|Any CPU
		{04D298FF-DC08-4ABC-B213-27E15B806C81}.Release|Any CPU.ActiveCfg = Release|Any CPU
		{04D298FF-DC08-4ABC-B213-27E15B806C81}.Release|Any CPU.Build.0 = Release|Any CPU
		{04D298FF-DC08-4ABC-B213-27E15B806C81}.Release|x64.ActiveCfg = Release|Any CPU
		{04D298FF-DC08-4ABC-B213-27E15B806C81}.Release|x64.Build.0 = Release|Any CPU
		{04D298FF-DC08-4ABC-B213-27E15B806C81}.Release|x86.ActiveCfg = Release|Any CPU
		{04D298FF-DC08-4ABC-B213-27E15B806C81}.Release|x86.Build.0 = Release|Any CPU
		{FDD5D9DF-8EE7-40AE-B02D-F4048BD55113}.Debug|Any CPU.ActiveCfg = Debug|Any CPU
		{FDD5D9DF-8EE7-40AE-B02D-F4048BD55113}.Debug|Any CPU.Build.0 = Debug|Any CPU
		{FDD5D9DF-8EE7-40AE-B02D-F4048BD55113}.Debug|x64.ActiveCfg = Debug|Any CPU
		{FDD5D9DF-8EE7-40AE-B02D-F4048BD55113}.Debug|x64.Build.0 = Debug|Any CPU
		{FDD5D9DF-8EE7-40AE-B02D-F4048BD55113}.Debug|x86.ActiveCfg = Debug|Any CPU
		{FDD5D9DF-8EE7-40AE-B02D-F4048BD55113}.Debug|x86.Build.0 = Debug|Any CPU
		{FDD5D9DF-8EE7-40AE-B02D-F4048BD55113}.Release|Any CPU.ActiveCfg = Release|Any CPU
		{FDD5D9DF-8EE7-40AE-B02D-F4048BD55113}.Release|Any CPU.Build.0 = Release|Any CPU
		{FDD5D9DF-8EE7-40AE-B02D-F4048BD55113}.Release|x64.ActiveCfg = Release|Any CPU
		{FDD5D9DF-8EE7-40AE-B02D-F4048BD55113}.Release|x64.Build.0 = Release|Any CPU
		{FDD5D9DF-8EE7-40AE-B02D-F4048BD55113}.Release|x86.ActiveCfg = Release|Any CPU
		{FDD5D9DF-8EE7-40AE-B02D-F4048BD55113}.Release|x86.Build.0 = Release|Any CPU
		{9CEDF28F-8C5B-4722-B5A0-15A2DDD65E4E}.Debug|Any CPU.ActiveCfg = Debug|Any CPU
		{9CEDF28F-8C5B-4722-B5A0-15A2DDD65E4E}.Debug|Any CPU.Build.0 = Debug|Any CPU
		{9CEDF28F-8C5B-4722-B5A0-15A2DDD65E4E}.Debug|x64.ActiveCfg = Debug|Any CPU
		{9CEDF28F-8C5B-4722-B5A0-15A2DDD65E4E}.Debug|x64.Build.0 = Debug|Any CPU
		{9CEDF28F-8C5B-4722-B5A0-15A2DDD65E4E}.Debug|x86.ActiveCfg = Debug|Any CPU
		{9CEDF28F-8C5B-4722-B5A0-15A2DDD65E4E}.Debug|x86.Build.0 = Debug|Any CPU
		{9CEDF28F-8C5B-4722-B5A0-15A2DDD65E4E}.Release|Any CPU.ActiveCfg = Release|Any CPU
		{9CEDF28F-8C5B-4722-B5A0-15A2DDD65E4E}.Release|Any CPU.Build.0 = Release|Any CPU
		{9CEDF28F-8C5B-4722-B5A0-15A2DDD65E4E}.Release|x64.ActiveCfg = Release|Any CPU
		{9CEDF28F-8C5B-4722-B5A0-15A2DDD65E4E}.Release|x64.Build.0 = Release|Any CPU
		{9CEDF28F-8C5B-4722-B5A0-15A2DDD65E4E}.Release|x86.ActiveCfg = Release|Any CPU
		{9CEDF28F-8C5B-4722-B5A0-15A2DDD65E4E}.Release|x86.Build.0 = Release|Any CPU
		{38C714AD-079F-4178-B537-482933894DA9}.Debug|Any CPU.ActiveCfg = Debug|Any CPU
		{38C714AD-079F-4178-B537-482933894DA9}.Debug|Any CPU.Build.0 = Debug|Any CPU
		{38C714AD-079F-4178-B537-482933894DA9}.Debug|x64.ActiveCfg = Debug|Any CPU
		{38C714AD-079F-4178-B537-482933894DA9}.Debug|x64.Build.0 = Debug|Any CPU
		{38C714AD-079F-4178-B537-482933894DA9}.Debug|x86.ActiveCfg = Debug|Any CPU
		{38C714AD-079F-4178-B537-482933894DA9}.Debug|x86.Build.0 = Debug|Any CPU
		{38C714AD-079F-4178-B537-482933894DA9}.Release|Any CPU.ActiveCfg = Release|Any CPU
		{38C714AD-079F-4178-B537-482933894DA9}.Release|Any CPU.Build.0 = Release|Any CPU
		{38C714AD-079F-4178-B537-482933894DA9}.Release|x64.ActiveCfg = Release|Any CPU
		{38C714AD-079F-4178-B537-482933894DA9}.Release|x64.Build.0 = Release|Any CPU
		{38C714AD-079F-4178-B537-482933894DA9}.Release|x86.ActiveCfg = Release|Any CPU
		{38C714AD-079F-4178-B537-482933894DA9}.Release|x86.Build.0 = Release|Any CPU
		{237C063D-5DA7-4077-8288-A7483BBE9E3D}.Debug|Any CPU.ActiveCfg = Debug|Any CPU
		{237C063D-5DA7-4077-8288-A7483BBE9E3D}.Debug|Any CPU.Build.0 = Debug|Any CPU
		{237C063D-5DA7-4077-8288-A7483BBE9E3D}.Debug|x64.ActiveCfg = Debug|Any CPU
		{237C063D-5DA7-4077-8288-A7483BBE9E3D}.Debug|x64.Build.0 = Debug|Any CPU
		{237C063D-5DA7-4077-8288-A7483BBE9E3D}.Debug|x86.ActiveCfg = Debug|Any CPU
		{237C063D-5DA7-4077-8288-A7483BBE9E3D}.Debug|x86.Build.0 = Debug|Any CPU
		{237C063D-5DA7-4077-8288-A7483BBE9E3D}.Release|Any CPU.ActiveCfg = Release|Any CPU
		{237C063D-5DA7-4077-8288-A7483BBE9E3D}.Release|Any CPU.Build.0 = Release|Any CPU
		{237C063D-5DA7-4077-8288-A7483BBE9E3D}.Release|x64.ActiveCfg = Release|Any CPU
		{237C063D-5DA7-4077-8288-A7483BBE9E3D}.Release|x64.Build.0 = Release|Any CPU
		{237C063D-5DA7-4077-8288-A7483BBE9E3D}.Release|x86.ActiveCfg = Release|Any CPU
		{237C063D-5DA7-4077-8288-A7483BBE9E3D}.Release|x86.Build.0 = Release|Any CPU
		{E1846EAD-8B47-40E5-9FFE-4964EBAB7242}.Debug|Any CPU.ActiveCfg = Debug|Any CPU
		{E1846EAD-8B47-40E5-9FFE-4964EBAB7242}.Debug|Any CPU.Build.0 = Debug|Any CPU
		{E1846EAD-8B47-40E5-9FFE-4964EBAB7242}.Debug|x64.ActiveCfg = Debug|Any CPU
		{E1846EAD-8B47-40E5-9FFE-4964EBAB7242}.Debug|x64.Build.0 = Debug|Any CPU
		{E1846EAD-8B47-40E5-9FFE-4964EBAB7242}.Debug|x86.ActiveCfg = Debug|Any CPU
		{E1846EAD-8B47-40E5-9FFE-4964EBAB7242}.Debug|x86.Build.0 = Debug|Any CPU
		{E1846EAD-8B47-40E5-9FFE-4964EBAB7242}.Release|Any CPU.ActiveCfg = Release|Any CPU
		{E1846EAD-8B47-40E5-9FFE-4964EBAB7242}.Release|Any CPU.Build.0 = Release|Any CPU
		{E1846EAD-8B47-40E5-9FFE-4964EBAB7242}.Release|x64.ActiveCfg = Release|Any CPU
		{E1846EAD-8B47-40E5-9FFE-4964EBAB7242}.Release|x64.Build.0 = Release|Any CPU
		{E1846EAD-8B47-40E5-9FFE-4964EBAB7242}.Release|x86.ActiveCfg = Release|Any CPU
		{E1846EAD-8B47-40E5-9FFE-4964EBAB7242}.Release|x86.Build.0 = Release|Any CPU
		{146008B9-3963-4C66-8F19-9F01E2965B08}.Debug|Any CPU.ActiveCfg = Debug|Any CPU
		{146008B9-3963-4C66-8F19-9F01E2965B08}.Debug|Any CPU.Build.0 = Debug|Any CPU
		{146008B9-3963-4C66-8F19-9F01E2965B08}.Debug|x64.ActiveCfg = Debug|Any CPU
		{146008B9-3963-4C66-8F19-9F01E2965B08}.Debug|x64.Build.0 = Debug|Any CPU
		{146008B9-3963-4C66-8F19-9F01E2965B08}.Debug|x86.ActiveCfg = Debug|Any CPU
		{146008B9-3963-4C66-8F19-9F01E2965B08}.Debug|x86.Build.0 = Debug|Any CPU
		{146008B9-3963-4C66-8F19-9F01E2965B08}.Release|Any CPU.ActiveCfg = Release|Any CPU
		{146008B9-3963-4C66-8F19-9F01E2965B08}.Release|Any CPU.Build.0 = Release|Any CPU
		{146008B9-3963-4C66-8F19-9F01E2965B08}.Release|x64.ActiveCfg = Release|Any CPU
		{146008B9-3963-4C66-8F19-9F01E2965B08}.Release|x64.Build.0 = Release|Any CPU
		{146008B9-3963-4C66-8F19-9F01E2965B08}.Release|x86.ActiveCfg = Release|Any CPU
		{146008B9-3963-4C66-8F19-9F01E2965B08}.Release|x86.Build.0 = Release|Any CPU
		{1A5A7DA1-DDDE-450C-BBBD-27B2399ED43D}.Debug|Any CPU.ActiveCfg = Debug|Any CPU
		{1A5A7DA1-DDDE-450C-BBBD-27B2399ED43D}.Debug|Any CPU.Build.0 = Debug|Any CPU
		{1A5A7DA1-DDDE-450C-BBBD-27B2399ED43D}.Debug|x64.ActiveCfg = Debug|Any CPU
		{1A5A7DA1-DDDE-450C-BBBD-27B2399ED43D}.Debug|x64.Build.0 = Debug|Any CPU
		{1A5A7DA1-DDDE-450C-BBBD-27B2399ED43D}.Debug|x86.ActiveCfg = Debug|Any CPU
		{1A5A7DA1-DDDE-450C-BBBD-27B2399ED43D}.Debug|x86.Build.0 = Debug|Any CPU
		{1A5A7DA1-DDDE-450C-BBBD-27B2399ED43D}.Release|Any CPU.ActiveCfg = Release|Any CPU
		{1A5A7DA1-DDDE-450C-BBBD-27B2399ED43D}.Release|Any CPU.Build.0 = Release|Any CPU
		{1A5A7DA1-DDDE-450C-BBBD-27B2399ED43D}.Release|x64.ActiveCfg = Release|Any CPU
		{1A5A7DA1-DDDE-450C-BBBD-27B2399ED43D}.Release|x64.Build.0 = Release|Any CPU
		{1A5A7DA1-DDDE-450C-BBBD-27B2399ED43D}.Release|x86.ActiveCfg = Release|Any CPU
		{1A5A7DA1-DDDE-450C-BBBD-27B2399ED43D}.Release|x86.Build.0 = Release|Any CPU
		{C8FB3433-1FB9-49A8-823B-425E97290A62}.Debug|Any CPU.ActiveCfg = Debug|Any CPU
		{C8FB3433-1FB9-49A8-823B-425E97290A62}.Debug|Any CPU.Build.0 = Debug|Any CPU
		{C8FB3433-1FB9-49A8-823B-425E97290A62}.Debug|x64.ActiveCfg = Debug|Any CPU
		{C8FB3433-1FB9-49A8-823B-425E97290A62}.Debug|x64.Build.0 = Debug|Any CPU
		{C8FB3433-1FB9-49A8-823B-425E97290A62}.Debug|x86.ActiveCfg = Debug|Any CPU
		{C8FB3433-1FB9-49A8-823B-425E97290A62}.Debug|x86.Build.0 = Debug|Any CPU
		{C8FB3433-1FB9-49A8-823B-425E97290A62}.Release|Any CPU.ActiveCfg = Release|Any CPU
		{C8FB3433-1FB9-49A8-823B-425E97290A62}.Release|Any CPU.Build.0 = Release|Any CPU
		{C8FB3433-1FB9-49A8-823B-425E97290A62}.Release|x64.ActiveCfg = Release|Any CPU
		{C8FB3433-1FB9-49A8-823B-425E97290A62}.Release|x64.Build.0 = Release|Any CPU
		{C8FB3433-1FB9-49A8-823B-425E97290A62}.Release|x86.ActiveCfg = Release|Any CPU
		{C8FB3433-1FB9-49A8-823B-425E97290A62}.Release|x86.Build.0 = Release|Any CPU
		{49850A6C-869A-4428-9C79-1E19650B2628}.Debug|Any CPU.ActiveCfg = Debug|Any CPU
		{49850A6C-869A-4428-9C79-1E19650B2628}.Debug|Any CPU.Build.0 = Debug|Any CPU
		{49850A6C-869A-4428-9C79-1E19650B2628}.Debug|x64.ActiveCfg = Debug|Any CPU
		{49850A6C-869A-4428-9C79-1E19650B2628}.Debug|x64.Build.0 = Debug|Any CPU
		{49850A6C-869A-4428-9C79-1E19650B2628}.Debug|x86.ActiveCfg = Debug|Any CPU
		{49850A6C-869A-4428-9C79-1E19650B2628}.Debug|x86.Build.0 = Debug|Any CPU
		{49850A6C-869A-4428-9C79-1E19650B2628}.Release|Any CPU.ActiveCfg = Release|Any CPU
		{49850A6C-869A-4428-9C79-1E19650B2628}.Release|Any CPU.Build.0 = Release|Any CPU
		{49850A6C-869A-4428-9C79-1E19650B2628}.Release|x64.ActiveCfg = Release|Any CPU
		{49850A6C-869A-4428-9C79-1E19650B2628}.Release|x64.Build.0 = Release|Any CPU
		{49850A6C-869A-4428-9C79-1E19650B2628}.Release|x86.ActiveCfg = Release|Any CPU
		{49850A6C-869A-4428-9C79-1E19650B2628}.Release|x86.Build.0 = Release|Any CPU
		{38021E66-C2D5-4D6D-BBE7-F0E1AAE1AFED}.Debug|Any CPU.ActiveCfg = Debug|Any CPU
		{38021E66-C2D5-4D6D-BBE7-F0E1AAE1AFED}.Debug|Any CPU.Build.0 = Debug|Any CPU
		{38021E66-C2D5-4D6D-BBE7-F0E1AAE1AFED}.Debug|x64.ActiveCfg = Debug|Any CPU
		{38021E66-C2D5-4D6D-BBE7-F0E1AAE1AFED}.Debug|x64.Build.0 = Debug|Any CPU
		{38021E66-C2D5-4D6D-BBE7-F0E1AAE1AFED}.Debug|x86.ActiveCfg = Debug|Any CPU
		{38021E66-C2D5-4D6D-BBE7-F0E1AAE1AFED}.Debug|x86.Build.0 = Debug|Any CPU
		{38021E66-C2D5-4D6D-BBE7-F0E1AAE1AFED}.Release|Any CPU.ActiveCfg = Release|Any CPU
		{38021E66-C2D5-4D6D-BBE7-F0E1AAE1AFED}.Release|Any CPU.Build.0 = Release|Any CPU
		{38021E66-C2D5-4D6D-BBE7-F0E1AAE1AFED}.Release|x64.ActiveCfg = Release|Any CPU
		{38021E66-C2D5-4D6D-BBE7-F0E1AAE1AFED}.Release|x64.Build.0 = Release|Any CPU
		{38021E66-C2D5-4D6D-BBE7-F0E1AAE1AFED}.Release|x86.ActiveCfg = Release|Any CPU
		{38021E66-C2D5-4D6D-BBE7-F0E1AAE1AFED}.Release|x86.Build.0 = Release|Any CPU
		{346688B8-D247-4956-B4E5-320F07713C14}.Debug|Any CPU.ActiveCfg = Debug|Any CPU
		{346688B8-D247-4956-B4E5-320F07713C14}.Debug|Any CPU.Build.0 = Debug|Any CPU
		{346688B8-D247-4956-B4E5-320F07713C14}.Debug|x64.ActiveCfg = Debug|Any CPU
		{346688B8-D247-4956-B4E5-320F07713C14}.Debug|x64.Build.0 = Debug|Any CPU
		{346688B8-D247-4956-B4E5-320F07713C14}.Debug|x86.ActiveCfg = Debug|Any CPU
		{346688B8-D247-4956-B4E5-320F07713C14}.Debug|x86.Build.0 = Debug|Any CPU
		{346688B8-D247-4956-B4E5-320F07713C14}.Release|Any CPU.ActiveCfg = Release|Any CPU
		{346688B8-D247-4956-B4E5-320F07713C14}.Release|Any CPU.Build.0 = Release|Any CPU
		{346688B8-D247-4956-B4E5-320F07713C14}.Release|x64.ActiveCfg = Release|Any CPU
		{346688B8-D247-4956-B4E5-320F07713C14}.Release|x64.Build.0 = Release|Any CPU
		{346688B8-D247-4956-B4E5-320F07713C14}.Release|x86.ActiveCfg = Release|Any CPU
		{346688B8-D247-4956-B4E5-320F07713C14}.Release|x86.Build.0 = Release|Any CPU
		{A30D516A-5C26-4744-B2C7-8C14B0CB6441}.Debug|Any CPU.ActiveCfg = Debug|Any CPU
		{A30D516A-5C26-4744-B2C7-8C14B0CB6441}.Debug|Any CPU.Build.0 = Debug|Any CPU
		{A30D516A-5C26-4744-B2C7-8C14B0CB6441}.Debug|x64.ActiveCfg = Debug|Any CPU
		{A30D516A-5C26-4744-B2C7-8C14B0CB6441}.Debug|x64.Build.0 = Debug|Any CPU
		{A30D516A-5C26-4744-B2C7-8C14B0CB6441}.Debug|x86.ActiveCfg = Debug|Any CPU
		{A30D516A-5C26-4744-B2C7-8C14B0CB6441}.Debug|x86.Build.0 = Debug|Any CPU
		{A30D516A-5C26-4744-B2C7-8C14B0CB6441}.Release|Any CPU.ActiveCfg = Release|Any CPU
		{A30D516A-5C26-4744-B2C7-8C14B0CB6441}.Release|Any CPU.Build.0 = Release|Any CPU
		{A30D516A-5C26-4744-B2C7-8C14B0CB6441}.Release|x64.ActiveCfg = Release|Any CPU
		{A30D516A-5C26-4744-B2C7-8C14B0CB6441}.Release|x64.Build.0 = Release|Any CPU
		{A30D516A-5C26-4744-B2C7-8C14B0CB6441}.Release|x86.ActiveCfg = Release|Any CPU
		{A30D516A-5C26-4744-B2C7-8C14B0CB6441}.Release|x86.Build.0 = Release|Any CPU
		{D084597C-CC0D-4D56-AA41-9E859BF09C11}.Debug|Any CPU.ActiveCfg = Debug|Any CPU
		{D084597C-CC0D-4D56-AA41-9E859BF09C11}.Debug|Any CPU.Build.0 = Debug|Any CPU
		{D084597C-CC0D-4D56-AA41-9E859BF09C11}.Debug|x64.ActiveCfg = Debug|Any CPU
		{D084597C-CC0D-4D56-AA41-9E859BF09C11}.Debug|x64.Build.0 = Debug|Any CPU
		{D084597C-CC0D-4D56-AA41-9E859BF09C11}.Debug|x86.ActiveCfg = Debug|Any CPU
		{D084597C-CC0D-4D56-AA41-9E859BF09C11}.Debug|x86.Build.0 = Debug|Any CPU
		{D084597C-CC0D-4D56-AA41-9E859BF09C11}.Release|Any CPU.ActiveCfg = Release|Any CPU
		{D084597C-CC0D-4D56-AA41-9E859BF09C11}.Release|Any CPU.Build.0 = Release|Any CPU
		{D084597C-CC0D-4D56-AA41-9E859BF09C11}.Release|x64.ActiveCfg = Release|Any CPU
		{D084597C-CC0D-4D56-AA41-9E859BF09C11}.Release|x64.Build.0 = Release|Any CPU
		{D084597C-CC0D-4D56-AA41-9E859BF09C11}.Release|x86.ActiveCfg = Release|Any CPU
		{D084597C-CC0D-4D56-AA41-9E859BF09C11}.Release|x86.Build.0 = Release|Any CPU
		{050C9498-8AD9-479F-B94F-3592DD569F86}.Debug|Any CPU.ActiveCfg = Debug|Any CPU
		{050C9498-8AD9-479F-B94F-3592DD569F86}.Debug|Any CPU.Build.0 = Debug|Any CPU
		{050C9498-8AD9-479F-B94F-3592DD569F86}.Debug|x64.ActiveCfg = Debug|Any CPU
		{050C9498-8AD9-479F-B94F-3592DD569F86}.Debug|x64.Build.0 = Debug|Any CPU
		{050C9498-8AD9-479F-B94F-3592DD569F86}.Debug|x86.ActiveCfg = Debug|Any CPU
		{050C9498-8AD9-479F-B94F-3592DD569F86}.Debug|x86.Build.0 = Debug|Any CPU
		{050C9498-8AD9-479F-B94F-3592DD569F86}.Release|Any CPU.ActiveCfg = Release|Any CPU
		{050C9498-8AD9-479F-B94F-3592DD569F86}.Release|Any CPU.Build.0 = Release|Any CPU
		{050C9498-8AD9-479F-B94F-3592DD569F86}.Release|x64.ActiveCfg = Release|Any CPU
		{050C9498-8AD9-479F-B94F-3592DD569F86}.Release|x64.Build.0 = Release|Any CPU
		{050C9498-8AD9-479F-B94F-3592DD569F86}.Release|x86.ActiveCfg = Release|Any CPU
		{050C9498-8AD9-479F-B94F-3592DD569F86}.Release|x86.Build.0 = Release|Any CPU
		{85439F1E-E102-4CB4-B25D-B660FE4230F0}.Debug|Any CPU.ActiveCfg = Debug|Any CPU
		{85439F1E-E102-4CB4-B25D-B660FE4230F0}.Debug|Any CPU.Build.0 = Debug|Any CPU
		{85439F1E-E102-4CB4-B25D-B660FE4230F0}.Debug|x64.ActiveCfg = Debug|Any CPU
		{85439F1E-E102-4CB4-B25D-B660FE4230F0}.Debug|x64.Build.0 = Debug|Any CPU
		{85439F1E-E102-4CB4-B25D-B660FE4230F0}.Debug|x86.ActiveCfg = Debug|Any CPU
		{85439F1E-E102-4CB4-B25D-B660FE4230F0}.Debug|x86.Build.0 = Debug|Any CPU
		{85439F1E-E102-4CB4-B25D-B660FE4230F0}.Release|Any CPU.ActiveCfg = Release|Any CPU
		{85439F1E-E102-4CB4-B25D-B660FE4230F0}.Release|Any CPU.Build.0 = Release|Any CPU
		{85439F1E-E102-4CB4-B25D-B660FE4230F0}.Release|x64.ActiveCfg = Release|Any CPU
		{85439F1E-E102-4CB4-B25D-B660FE4230F0}.Release|x64.Build.0 = Release|Any CPU
		{85439F1E-E102-4CB4-B25D-B660FE4230F0}.Release|x86.ActiveCfg = Release|Any CPU
		{85439F1E-E102-4CB4-B25D-B660FE4230F0}.Release|x86.Build.0 = Release|Any CPU
		{2B515342-FB66-453F-B506-314C2A84DFA0}.Debug|Any CPU.ActiveCfg = Debug|Any CPU
		{2B515342-FB66-453F-B506-314C2A84DFA0}.Debug|Any CPU.Build.0 = Debug|Any CPU
		{2B515342-FB66-453F-B506-314C2A84DFA0}.Debug|x64.ActiveCfg = Debug|Any CPU
		{2B515342-FB66-453F-B506-314C2A84DFA0}.Debug|x64.Build.0 = Debug|Any CPU
		{2B515342-FB66-453F-B506-314C2A84DFA0}.Debug|x86.ActiveCfg = Debug|Any CPU
		{2B515342-FB66-453F-B506-314C2A84DFA0}.Debug|x86.Build.0 = Debug|Any CPU
		{2B515342-FB66-453F-B506-314C2A84DFA0}.Release|Any CPU.ActiveCfg = Release|Any CPU
		{2B515342-FB66-453F-B506-314C2A84DFA0}.Release|Any CPU.Build.0 = Release|Any CPU
		{2B515342-FB66-453F-B506-314C2A84DFA0}.Release|x64.ActiveCfg = Release|Any CPU
		{2B515342-FB66-453F-B506-314C2A84DFA0}.Release|x64.Build.0 = Release|Any CPU
		{2B515342-FB66-453F-B506-314C2A84DFA0}.Release|x86.ActiveCfg = Release|Any CPU
		{2B515342-FB66-453F-B506-314C2A84DFA0}.Release|x86.Build.0 = Release|Any CPU
		{809C0789-01EC-46FE-A05C-6CE30649D69D}.Debug|Any CPU.ActiveCfg = Debug|Any CPU
		{809C0789-01EC-46FE-A05C-6CE30649D69D}.Debug|Any CPU.Build.0 = Debug|Any CPU
		{809C0789-01EC-46FE-A05C-6CE30649D69D}.Debug|x64.ActiveCfg = Debug|Any CPU
		{809C0789-01EC-46FE-A05C-6CE30649D69D}.Debug|x64.Build.0 = Debug|Any CPU
		{809C0789-01EC-46FE-A05C-6CE30649D69D}.Debug|x86.ActiveCfg = Debug|Any CPU
		{809C0789-01EC-46FE-A05C-6CE30649D69D}.Debug|x86.Build.0 = Debug|Any CPU
		{809C0789-01EC-46FE-A05C-6CE30649D69D}.Release|Any CPU.ActiveCfg = Release|Any CPU
		{809C0789-01EC-46FE-A05C-6CE30649D69D}.Release|Any CPU.Build.0 = Release|Any CPU
		{809C0789-01EC-46FE-A05C-6CE30649D69D}.Release|x64.ActiveCfg = Release|Any CPU
		{809C0789-01EC-46FE-A05C-6CE30649D69D}.Release|x64.Build.0 = Release|Any CPU
		{809C0789-01EC-46FE-A05C-6CE30649D69D}.Release|x86.ActiveCfg = Release|Any CPU
		{809C0789-01EC-46FE-A05C-6CE30649D69D}.Release|x86.Build.0 = Release|Any CPU
		{CE9E4667-9F8C-40D7-9528-D088BFFCF175}.Debug|Any CPU.ActiveCfg = Debug|Any CPU
		{CE9E4667-9F8C-40D7-9528-D088BFFCF175}.Debug|Any CPU.Build.0 = Debug|Any CPU
		{CE9E4667-9F8C-40D7-9528-D088BFFCF175}.Debug|x64.ActiveCfg = Debug|Any CPU
		{CE9E4667-9F8C-40D7-9528-D088BFFCF175}.Debug|x64.Build.0 = Debug|Any CPU
		{CE9E4667-9F8C-40D7-9528-D088BFFCF175}.Debug|x86.ActiveCfg = Debug|Any CPU
		{CE9E4667-9F8C-40D7-9528-D088BFFCF175}.Debug|x86.Build.0 = Debug|Any CPU
		{CE9E4667-9F8C-40D7-9528-D088BFFCF175}.Release|Any CPU.ActiveCfg = Release|Any CPU
		{CE9E4667-9F8C-40D7-9528-D088BFFCF175}.Release|Any CPU.Build.0 = Release|Any CPU
		{CE9E4667-9F8C-40D7-9528-D088BFFCF175}.Release|x64.ActiveCfg = Release|Any CPU
		{CE9E4667-9F8C-40D7-9528-D088BFFCF175}.Release|x64.Build.0 = Release|Any CPU
		{CE9E4667-9F8C-40D7-9528-D088BFFCF175}.Release|x86.ActiveCfg = Release|Any CPU
		{CE9E4667-9F8C-40D7-9528-D088BFFCF175}.Release|x86.Build.0 = Release|Any CPU
		{2754F38E-570B-4D84-ADB5-831C337AB4A1}.Debug|Any CPU.ActiveCfg = Debug|Any CPU
		{2754F38E-570B-4D84-ADB5-831C337AB4A1}.Debug|Any CPU.Build.0 = Debug|Any CPU
		{2754F38E-570B-4D84-ADB5-831C337AB4A1}.Debug|x64.ActiveCfg = Debug|Any CPU
		{2754F38E-570B-4D84-ADB5-831C337AB4A1}.Debug|x64.Build.0 = Debug|Any CPU
		{2754F38E-570B-4D84-ADB5-831C337AB4A1}.Debug|x86.ActiveCfg = Debug|Any CPU
		{2754F38E-570B-4D84-ADB5-831C337AB4A1}.Debug|x86.Build.0 = Debug|Any CPU
		{2754F38E-570B-4D84-ADB5-831C337AB4A1}.Release|Any CPU.ActiveCfg = Release|Any CPU
		{2754F38E-570B-4D84-ADB5-831C337AB4A1}.Release|Any CPU.Build.0 = Release|Any CPU
		{2754F38E-570B-4D84-ADB5-831C337AB4A1}.Release|x64.ActiveCfg = Release|Any CPU
		{2754F38E-570B-4D84-ADB5-831C337AB4A1}.Release|x64.Build.0 = Release|Any CPU
		{2754F38E-570B-4D84-ADB5-831C337AB4A1}.Release|x86.ActiveCfg = Release|Any CPU
		{2754F38E-570B-4D84-ADB5-831C337AB4A1}.Release|x86.Build.0 = Release|Any CPU
		{5A2C99AE-D5BA-48B8-86CE-E6E31D2D3BF3}.Debug|Any CPU.ActiveCfg = Debug|Any CPU
		{5A2C99AE-D5BA-48B8-86CE-E6E31D2D3BF3}.Debug|Any CPU.Build.0 = Debug|Any CPU
		{5A2C99AE-D5BA-48B8-86CE-E6E31D2D3BF3}.Debug|x64.ActiveCfg = Debug|Any CPU
		{5A2C99AE-D5BA-48B8-86CE-E6E31D2D3BF3}.Debug|x64.Build.0 = Debug|Any CPU
		{5A2C99AE-D5BA-48B8-86CE-E6E31D2D3BF3}.Debug|x86.ActiveCfg = Debug|Any CPU
		{5A2C99AE-D5BA-48B8-86CE-E6E31D2D3BF3}.Debug|x86.Build.0 = Debug|Any CPU
		{5A2C99AE-D5BA-48B8-86CE-E6E31D2D3BF3}.Release|Any CPU.ActiveCfg = Release|Any CPU
		{5A2C99AE-D5BA-48B8-86CE-E6E31D2D3BF3}.Release|Any CPU.Build.0 = Release|Any CPU
		{5A2C99AE-D5BA-48B8-86CE-E6E31D2D3BF3}.Release|x64.ActiveCfg = Release|Any CPU
		{5A2C99AE-D5BA-48B8-86CE-E6E31D2D3BF3}.Release|x64.Build.0 = Release|Any CPU
		{5A2C99AE-D5BA-48B8-86CE-E6E31D2D3BF3}.Release|x86.ActiveCfg = Release|Any CPU
		{5A2C99AE-D5BA-48B8-86CE-E6E31D2D3BF3}.Release|x86.Build.0 = Release|Any CPU
		{BC677C47-3A71-4331-A475-D5CE889A6CBC}.Debug|Any CPU.ActiveCfg = Debug|Any CPU
		{BC677C47-3A71-4331-A475-D5CE889A6CBC}.Debug|Any CPU.Build.0 = Debug|Any CPU
		{BC677C47-3A71-4331-A475-D5CE889A6CBC}.Debug|x64.ActiveCfg = Debug|Any CPU
		{BC677C47-3A71-4331-A475-D5CE889A6CBC}.Debug|x64.Build.0 = Debug|Any CPU
		{BC677C47-3A71-4331-A475-D5CE889A6CBC}.Debug|x86.ActiveCfg = Debug|Any CPU
		{BC677C47-3A71-4331-A475-D5CE889A6CBC}.Debug|x86.Build.0 = Debug|Any CPU
		{BC677C47-3A71-4331-A475-D5CE889A6CBC}.Release|Any CPU.ActiveCfg = Release|Any CPU
		{BC677C47-3A71-4331-A475-D5CE889A6CBC}.Release|Any CPU.Build.0 = Release|Any CPU
		{BC677C47-3A71-4331-A475-D5CE889A6CBC}.Release|x64.ActiveCfg = Release|Any CPU
		{BC677C47-3A71-4331-A475-D5CE889A6CBC}.Release|x64.Build.0 = Release|Any CPU
		{BC677C47-3A71-4331-A475-D5CE889A6CBC}.Release|x86.ActiveCfg = Release|Any CPU
		{BC677C47-3A71-4331-A475-D5CE889A6CBC}.Release|x86.Build.0 = Release|Any CPU
		{92C99768-C786-4FF0-957C-B1F81EC4E7D6}.Debug|Any CPU.ActiveCfg = Debug|Any CPU
		{92C99768-C786-4FF0-957C-B1F81EC4E7D6}.Debug|Any CPU.Build.0 = Debug|Any CPU
		{92C99768-C786-4FF0-957C-B1F81EC4E7D6}.Debug|x64.ActiveCfg = Debug|Any CPU
		{92C99768-C786-4FF0-957C-B1F81EC4E7D6}.Debug|x64.Build.0 = Debug|Any CPU
		{92C99768-C786-4FF0-957C-B1F81EC4E7D6}.Debug|x86.ActiveCfg = Debug|Any CPU
		{92C99768-C786-4FF0-957C-B1F81EC4E7D6}.Debug|x86.Build.0 = Debug|Any CPU
		{92C99768-C786-4FF0-957C-B1F81EC4E7D6}.Release|Any CPU.ActiveCfg = Release|Any CPU
		{92C99768-C786-4FF0-957C-B1F81EC4E7D6}.Release|Any CPU.Build.0 = Release|Any CPU
		{92C99768-C786-4FF0-957C-B1F81EC4E7D6}.Release|x64.ActiveCfg = Release|Any CPU
		{92C99768-C786-4FF0-957C-B1F81EC4E7D6}.Release|x64.Build.0 = Release|Any CPU
		{92C99768-C786-4FF0-957C-B1F81EC4E7D6}.Release|x86.ActiveCfg = Release|Any CPU
		{92C99768-C786-4FF0-957C-B1F81EC4E7D6}.Release|x86.Build.0 = Release|Any CPU
		{7E455250-B715-40BC-917C-110755FBBA90}.Debug|Any CPU.ActiveCfg = Debug|Any CPU
		{7E455250-B715-40BC-917C-110755FBBA90}.Debug|Any CPU.Build.0 = Debug|Any CPU
		{7E455250-B715-40BC-917C-110755FBBA90}.Debug|x64.ActiveCfg = Debug|Any CPU
		{7E455250-B715-40BC-917C-110755FBBA90}.Debug|x64.Build.0 = Debug|Any CPU
		{7E455250-B715-40BC-917C-110755FBBA90}.Debug|x86.ActiveCfg = Debug|Any CPU
		{7E455250-B715-40BC-917C-110755FBBA90}.Debug|x86.Build.0 = Debug|Any CPU
		{7E455250-B715-40BC-917C-110755FBBA90}.Release|Any CPU.ActiveCfg = Release|Any CPU
		{7E455250-B715-40BC-917C-110755FBBA90}.Release|Any CPU.Build.0 = Release|Any CPU
		{7E455250-B715-40BC-917C-110755FBBA90}.Release|x64.ActiveCfg = Release|Any CPU
		{7E455250-B715-40BC-917C-110755FBBA90}.Release|x64.Build.0 = Release|Any CPU
		{7E455250-B715-40BC-917C-110755FBBA90}.Release|x86.ActiveCfg = Release|Any CPU
		{7E455250-B715-40BC-917C-110755FBBA90}.Release|x86.Build.0 = Release|Any CPU
		{7843B592-2D2A-430C-869E-876C5498BA80}.Debug|Any CPU.ActiveCfg = Debug|Any CPU
		{7843B592-2D2A-430C-869E-876C5498BA80}.Debug|Any CPU.Build.0 = Debug|Any CPU
		{7843B592-2D2A-430C-869E-876C5498BA80}.Debug|x64.ActiveCfg = Debug|Any CPU
		{7843B592-2D2A-430C-869E-876C5498BA80}.Debug|x64.Build.0 = Debug|Any CPU
		{7843B592-2D2A-430C-869E-876C5498BA80}.Debug|x86.ActiveCfg = Debug|Any CPU
		{7843B592-2D2A-430C-869E-876C5498BA80}.Debug|x86.Build.0 = Debug|Any CPU
		{7843B592-2D2A-430C-869E-876C5498BA80}.Release|Any CPU.ActiveCfg = Release|Any CPU
		{7843B592-2D2A-430C-869E-876C5498BA80}.Release|Any CPU.Build.0 = Release|Any CPU
		{7843B592-2D2A-430C-869E-876C5498BA80}.Release|x64.ActiveCfg = Release|Any CPU
		{7843B592-2D2A-430C-869E-876C5498BA80}.Release|x64.Build.0 = Release|Any CPU
		{7843B592-2D2A-430C-869E-876C5498BA80}.Release|x86.ActiveCfg = Release|Any CPU
		{7843B592-2D2A-430C-869E-876C5498BA80}.Release|x86.Build.0 = Release|Any CPU
		{0E96D5C9-27D2-4780-B343-B92075811A38}.Debug|Any CPU.ActiveCfg = Debug|Any CPU
		{0E96D5C9-27D2-4780-B343-B92075811A38}.Debug|Any CPU.Build.0 = Debug|Any CPU
		{0E96D5C9-27D2-4780-B343-B92075811A38}.Debug|x64.ActiveCfg = Debug|Any CPU
		{0E96D5C9-27D2-4780-B343-B92075811A38}.Debug|x64.Build.0 = Debug|Any CPU
		{0E96D5C9-27D2-4780-B343-B92075811A38}.Debug|x86.ActiveCfg = Debug|Any CPU
		{0E96D5C9-27D2-4780-B343-B92075811A38}.Debug|x86.Build.0 = Debug|Any CPU
		{0E96D5C9-27D2-4780-B343-B92075811A38}.Release|Any CPU.ActiveCfg = Release|Any CPU
		{0E96D5C9-27D2-4780-B343-B92075811A38}.Release|Any CPU.Build.0 = Release|Any CPU
		{0E96D5C9-27D2-4780-B343-B92075811A38}.Release|x64.ActiveCfg = Release|Any CPU
		{0E96D5C9-27D2-4780-B343-B92075811A38}.Release|x64.Build.0 = Release|Any CPU
		{0E96D5C9-27D2-4780-B343-B92075811A38}.Release|x86.ActiveCfg = Release|Any CPU
		{0E96D5C9-27D2-4780-B343-B92075811A38}.Release|x86.Build.0 = Release|Any CPU
		{9E584DEF-A938-4EB3-8F86-772FEA8CB53B}.Debug|Any CPU.ActiveCfg = Debug|Any CPU
		{9E584DEF-A938-4EB3-8F86-772FEA8CB53B}.Debug|Any CPU.Build.0 = Debug|Any CPU
		{9E584DEF-A938-4EB3-8F86-772FEA8CB53B}.Debug|x64.ActiveCfg = Debug|Any CPU
		{9E584DEF-A938-4EB3-8F86-772FEA8CB53B}.Debug|x64.Build.0 = Debug|Any CPU
		{9E584DEF-A938-4EB3-8F86-772FEA8CB53B}.Debug|x86.ActiveCfg = Debug|Any CPU
		{9E584DEF-A938-4EB3-8F86-772FEA8CB53B}.Debug|x86.Build.0 = Debug|Any CPU
		{9E584DEF-A938-4EB3-8F86-772FEA8CB53B}.Release|Any CPU.ActiveCfg = Release|Any CPU
		{9E584DEF-A938-4EB3-8F86-772FEA8CB53B}.Release|Any CPU.Build.0 = Release|Any CPU
		{9E584DEF-A938-4EB3-8F86-772FEA8CB53B}.Release|x64.ActiveCfg = Release|Any CPU
		{9E584DEF-A938-4EB3-8F86-772FEA8CB53B}.Release|x64.Build.0 = Release|Any CPU
		{9E584DEF-A938-4EB3-8F86-772FEA8CB53B}.Release|x86.ActiveCfg = Release|Any CPU
		{9E584DEF-A938-4EB3-8F86-772FEA8CB53B}.Release|x86.Build.0 = Release|Any CPU
		{5A918DB2-3CBC-4052-ADBA-182254E77F29}.Debug|Any CPU.ActiveCfg = Debug|Any CPU
		{5A918DB2-3CBC-4052-ADBA-182254E77F29}.Debug|Any CPU.Build.0 = Debug|Any CPU
		{5A918DB2-3CBC-4052-ADBA-182254E77F29}.Debug|x64.ActiveCfg = Debug|Any CPU
		{5A918DB2-3CBC-4052-ADBA-182254E77F29}.Debug|x64.Build.0 = Debug|Any CPU
		{5A918DB2-3CBC-4052-ADBA-182254E77F29}.Debug|x86.ActiveCfg = Debug|Any CPU
		{5A918DB2-3CBC-4052-ADBA-182254E77F29}.Debug|x86.Build.0 = Debug|Any CPU
		{5A918DB2-3CBC-4052-ADBA-182254E77F29}.Release|Any CPU.ActiveCfg = Release|Any CPU
		{5A918DB2-3CBC-4052-ADBA-182254E77F29}.Release|Any CPU.Build.0 = Release|Any CPU
		{5A918DB2-3CBC-4052-ADBA-182254E77F29}.Release|x64.ActiveCfg = Release|Any CPU
		{5A918DB2-3CBC-4052-ADBA-182254E77F29}.Release|x64.Build.0 = Release|Any CPU
		{5A918DB2-3CBC-4052-ADBA-182254E77F29}.Release|x86.ActiveCfg = Release|Any CPU
		{5A918DB2-3CBC-4052-ADBA-182254E77F29}.Release|x86.Build.0 = Release|Any CPU
		{34620CBC-7211-4186-8CD5-8811F41BDD37}.Debug|Any CPU.ActiveCfg = Debug|Any CPU
		{34620CBC-7211-4186-8CD5-8811F41BDD37}.Debug|Any CPU.Build.0 = Debug|Any CPU
		{34620CBC-7211-4186-8CD5-8811F41BDD37}.Debug|x64.ActiveCfg = Debug|Any CPU
		{34620CBC-7211-4186-8CD5-8811F41BDD37}.Debug|x64.Build.0 = Debug|Any CPU
		{34620CBC-7211-4186-8CD5-8811F41BDD37}.Debug|x86.ActiveCfg = Debug|Any CPU
		{34620CBC-7211-4186-8CD5-8811F41BDD37}.Debug|x86.Build.0 = Debug|Any CPU
		{34620CBC-7211-4186-8CD5-8811F41BDD37}.Release|Any CPU.ActiveCfg = Release|Any CPU
		{34620CBC-7211-4186-8CD5-8811F41BDD37}.Release|Any CPU.Build.0 = Release|Any CPU
		{34620CBC-7211-4186-8CD5-8811F41BDD37}.Release|x64.ActiveCfg = Release|Any CPU
		{34620CBC-7211-4186-8CD5-8811F41BDD37}.Release|x64.Build.0 = Release|Any CPU
		{34620CBC-7211-4186-8CD5-8811F41BDD37}.Release|x86.ActiveCfg = Release|Any CPU
		{34620CBC-7211-4186-8CD5-8811F41BDD37}.Release|x86.Build.0 = Release|Any CPU
	EndGlobalSection
	GlobalSection(SolutionProperties) = preSolution
		HideSolutionNode = FALSE
	EndGlobalSection
	GlobalSection(NestedProjects) = preSolution
		{8C03E187-9A20-48FB-B42E-87FB6150AE60} = {8A43C81A-811F-4B11-A604-E272E346598A}
		{6A16BA2C-8C30-412D-9B45-1FBE8AB0ABBB} = {8A43C81A-811F-4B11-A604-E272E346598A}
		{5AB8F559-586B-412B-998C-3B0471AE926E} = {8A43C81A-811F-4B11-A604-E272E346598A}
		{04D298FF-DC08-4ABC-B213-27E15B806C81} = {8A43C81A-811F-4B11-A604-E272E346598A}
		{FDD5D9DF-8EE7-40AE-B02D-F4048BD55113} = {32235D38-B0F8-4F4D-A873-276291B587F6}
		{9CEDF28F-8C5B-4722-B5A0-15A2DDD65E4E} = {E7600902-D6A9-4E8C-B601-01B31DE09893}
		{38C714AD-079F-4178-B537-482933894DA9} = {E7600902-D6A9-4E8C-B601-01B31DE09893}
		{237C063D-5DA7-4077-8288-A7483BBE9E3D} = {E7600902-D6A9-4E8C-B601-01B31DE09893}
		{E1846EAD-8B47-40E5-9FFE-4964EBAB7242} = {E7600902-D6A9-4E8C-B601-01B31DE09893}
		{146008B9-3963-4C66-8F19-9F01E2965B08} = {D02E5C42-C779-422C-A709-8A9C91F52BD5}
		{1A5A7DA1-DDDE-450C-BBBD-27B2399ED43D} = {D02E5C42-C779-422C-A709-8A9C91F52BD5}
		{C8FB3433-1FB9-49A8-823B-425E97290A62} = {D02E5C42-C779-422C-A709-8A9C91F52BD5}
		{49850A6C-869A-4428-9C79-1E19650B2628} = {D02E5C42-C779-422C-A709-8A9C91F52BD5}
		{38021E66-C2D5-4D6D-BBE7-F0E1AAE1AFED} = {9CBD289B-61DC-45C8-BDAE-0FF7429908D2}
		{346688B8-D247-4956-B4E5-320F07713C14} = {9CBD289B-61DC-45C8-BDAE-0FF7429908D2}
		{A30D516A-5C26-4744-B2C7-8C14B0CB6441} = {9CBD289B-61DC-45C8-BDAE-0FF7429908D2}
		{D084597C-CC0D-4D56-AA41-9E859BF09C11} = {9CBD289B-61DC-45C8-BDAE-0FF7429908D2}
		{050C9498-8AD9-479F-B94F-3592DD569F86} = {C518CA99-F574-402F-945E-88DB14EAF431}
		{85439F1E-E102-4CB4-B25D-B660FE4230F0} = {5E568120-72AF-4EFB-A1D6-E4483874FF1A}
		{2B515342-FB66-453F-B506-314C2A84DFA0} = {5E568120-72AF-4EFB-A1D6-E4483874FF1A}
		{809C0789-01EC-46FE-A05C-6CE30649D69D} = {5E568120-72AF-4EFB-A1D6-E4483874FF1A}
		{E7600902-D6A9-4E8C-B601-01B31DE09893} = {706C2975-57C2-4CCD-9143-CFAFDCD17525}
		{D02E5C42-C779-422C-A709-8A9C91F52BD5} = {706C2975-57C2-4CCD-9143-CFAFDCD17525}
		{9CBD289B-61DC-45C8-BDAE-0FF7429908D2} = {706C2975-57C2-4CCD-9143-CFAFDCD17525}
		{2955CDDA-E5E5-B0A0-1D00-B3995FF637CE} = {706C2975-57C2-4CCD-9143-CFAFDCD17525}
		{CE9E4667-9F8C-40D7-9528-D088BFFCF175} = {2955CDDA-E5E5-B0A0-1D00-B3995FF637CE}
		{2754F38E-570B-4D84-ADB5-831C337AB4A1} = {2955CDDA-E5E5-B0A0-1D00-B3995FF637CE}
		{5A2C99AE-D5BA-48B8-86CE-E6E31D2D3BF3} = {2955CDDA-E5E5-B0A0-1D00-B3995FF637CE}
		{BC677C47-3A71-4331-A475-D5CE889A6CBC} = {2955CDDA-E5E5-B0A0-1D00-B3995FF637CE}
		{92C99768-C786-4FF0-957C-B1F81EC4E7D6} = {1D991823-E547-4BD4-B1C5-9CED0009CF2D}
		{7E455250-B715-40BC-917C-110755FBBA90} = {1D991823-E547-4BD4-B1C5-9CED0009CF2D}
		{7843B592-2D2A-430C-869E-876C5498BA80} = {1D991823-E547-4BD4-B1C5-9CED0009CF2D}
		{0E96D5C9-27D2-4780-B343-B92075811A38} = {1D991823-E547-4BD4-B1C5-9CED0009CF2D}
		{1D991823-E547-4BD4-B1C5-9CED0009CF2D} = {706C2975-57C2-4CCD-9143-CFAFDCD17525}
		{9E584DEF-A938-4EB3-8F86-772FEA8CB53B} = {5E568120-72AF-4EFB-A1D6-E4483874FF1A}
		{5A918DB2-3CBC-4052-ADBA-182254E77F29} = {5E568120-72AF-4EFB-A1D6-E4483874FF1A}
		{34620CBC-7211-4186-8CD5-8811F41BDD37} = {5E568120-72AF-4EFB-A1D6-E4483874FF1A}
	EndGlobalSection
	GlobalSection(ExtensibilityGlobals) = postSolution
		SolutionGuid = {6F9EBA0E-565A-402C-84B4-B09D3B7F0770}
	EndGlobalSection
EndGlobal
